[[package]]
category = "main"
description = "Simple DNS resolver for asyncio"
name = "aiodns"
optional = false
python-versions = "*"
version = "2.0.0"

[package.dependencies]
pycares = ">=3.0.0"

[[package]]
category = "main"
description = "Foreign Function Interface for Python calling C code."
name = "cffi"
optional = false
python-versions = "*"
version = "1.13.2"

[package.dependencies]
pycparser = "*"

[[package]]
category = "main"
description = "Python interface for c-ares"
name = "pycares"
optional = false
python-versions = "*"
version = "3.1.1"

[package.dependencies]
cffi = ">=1.5.0"

[[package]]
category = "main"
description = "C parser in Python"
name = "pycparser"
optional = false
python-versions = ">=2.7, !=3.0.*, !=3.1.*, !=3.2.*, !=3.3.*"
version = "2.19"

[metadata]
content-hash = "0e17c82d4a7e609e4e14ae8fcee1a469011615a3e33c62136b451df9d3ffe637"
python-versions = "^3.8"

[metadata.hashes]
aiodns = ["815fdef4607474295d68da46978a54481dd1e7be153c7d60f9e72773cd38d77d", "aaa5ac584f40fe778013df0aa6544bf157799bd3f608364b451840ed2c8688de"]
cffi = ["0b49274afc941c626b605fb59b59c3485c17dc776dc3cc7cc14aca74cc19cc42", "0e3ea92942cb1168e38c05c1d56b0527ce31f1a370f6117f1d490b8dcd6b3a04", "135f69aecbf4517d5b3d6429207b2dff49c876be724ac0c8bf8e1ea99df3d7e5", "19db0cdd6e516f13329cba4903368bff9bb5a9331d3410b1b448daaadc495e54", "2781e9ad0e9d47173c0093321bb5435a9dfae0ed6a762aabafa13108f5f7b2ba", "291f7c42e21d72144bb1c1b2e825ec60f46d0a7468f5346841860454c7aa8f57", "2c5e309ec482556397cb21ede0350c5e82f0eb2621de04b2633588d118da4396", "2e9c80a8c3344a92cb04661115898a9129c074f7ab82011ef4b612f645939f12", "32a262e2b90ffcfdd97c7a5e24a6012a43c61f1f5a57789ad80af1d26c6acd97", "3c9fff570f13480b201e9ab69453108f6d98244a7f495e91b6c654a47486ba43", "415bdc7ca8c1c634a6d7163d43fb0ea885a07e9618a64bda407e04b04333b7db", "42194f54c11abc8583417a7cf4eaff544ce0de8187abaf5d29029c91b1725ad3", "4424e42199e86b21fc4db83bd76909a6fc2a2aefb352cb5414833c030f6ed71b", "4a43c91840bda5f55249413037b7a9b79c90b1184ed504883b72c4df70778579", "599a1e8ff057ac530c9ad1778293c665cb81a791421f46922d80a86473c13346", "5c4fae4e9cdd18c82ba3a134be256e98dc0596af1e7285a3d2602c97dcfa5159", "5ecfa867dea6fabe2a58f03ac9186ea64da1386af2159196da51c4904e11d652", "62f2578358d3a92e4ab2d830cd1c2049c9c0d0e6d3c58322993cc341bdeac22e", "6471a82d5abea994e38d2c2abc77164b4f7fbaaf80261cb98394d5793f11b12a", "6d4f18483d040e18546108eb13b1dfa1000a089bcf8529e30346116ea6240506", "71a608532ab3bd26223c8d841dde43f3516aa5d2bf37b50ac410bb5e99053e8f", "74a1d8c85fb6ff0b30fbfa8ad0ac23cd601a138f7509dc617ebc65ef305bb98d", "7b93a885bb13073afb0aa73ad82059a4c41f4b7d8eb8368980448b52d4c7dc2c", "7d4751da932caaec419d514eaa4215eaf14b612cff66398dd51129ac22680b20", "7f627141a26b551bdebbc4855c1157feeef18241b4b8366ed22a5c7d672ef858", "8169cf44dd8f9071b2b9248c35fc35e8677451c52f795daa2bb4643f32a540bc", "aa00d66c0fab27373ae44ae26a66a9e43ff2a678bf63a9c7c1a9a4d61172827a", "ccb032fda0873254380aa2bfad2582aedc2959186cce61e3a17abc1a55ff89c3", "d754f39e0d1603b5b24a7f8484b22d2904fa551fe865fd0d4c3332f078d20d4e", "d75c461e20e29afc0aee7172a0950157c704ff0dd51613506bd7d82b718e7410", "dcd65317dd15bc0451f3e01c80da2216a31916bdcffd6221ca1202d96584aa25", "e570d3ab32e2c2861c4ebe6ffcad6a8abf9347432a37608fe1fbd157b3f0036b", "fd43a88e045cf992ed09fa724b5315b790525f2676883a6ea64e3263bae6549d"]
pycares = ["050f00b39ed77ea8a4e555f09417d4b1a6b5baa24bb9531a3e15d003d2319b3f", "0a24d2e580a8eb567140d7b69f12cb7de90c836bd7b6488ec69394d308605ac3", "0c5bd1f6f885a219d5e972788d6eef7b8043b55c3375a845e5399638436e0bba", "11c628402cc8fc8ef461076d4e47f88afc1f8609989ebbff0dbffcd54c97239f", "18dfd4fd300f570d6c4536c1d987b7b7673b2a9d14346592c5d6ed716df0d104", "1917b82494907a4a342db420bc4dd5bac355a5fa3984c35ba9bf51422b020b48", "1b90fa00a89564df059fb18e796458864cc4e00cb55e364dbf921997266b7c55", "1d8d177c40567de78108a7835170f570ab04f09084bfd32df9919c0eaec47aa1", "236286f81664658b32c141c8e79d20afc3d54f6e2e49dfc8b702026be7265855", "2e4f74677542737fb5af4ea9a2e415ec5ab31aa67e7b8c3c969fdb15c069f679", "48a7750f04e69e1f304f4332b755728067e7c4b1abe2760bba1cacd9ff7a847a", "7d86e62b700b21401ffe7fd1bbfe91e08489416fecae99c6570ab023c6896022", "7e2d7effd08d2e5a3cb95d98a7286ebab71ab2fbce84fa93cc2dd56caf7240dd", "81edb016d9e43dde7473bc3999c29cdfee3a6b67308fed1ea21049f458e83ae0", "96c90e11b4a4c7c0b8ff5aaaae969c5035493136586043ff301979aae0623941", "9a0a1845f8cb2e62332bca0aaa9ad5494603ac43fb60d510a61d5b5b170d7216", "a05bbfdfd41f8410a905a818f329afe7510cbd9ee65c60f8860a72b6c64ce5dc", "a5089fd660f0b0d228b14cdaa110d0d311edfa5a63f800618dbf1321dcaef66b", "c457a709e6f2befea7e2996c991eda6d79705dd075f6521593ba6ebc1485b811", "c5cb72644b04e5e5abfb1e10a0e7eb75da6684ea0e60871652f348e412cf3b11", "cce46dd4717debfd2aab79d6d7f0cbdf6b1e982dc4d9bebad81658d59ede07c2", "cfdd1f90bcf373b00f4b2c55ea47868616fe2f779f792fc913fa82a3d64ffe43", "d88a279cbc5af613f73e86e19b3f63850f7a2e2736e249c51995dedcc830b1bb", "eba9a9227438da5e78fc8eee32f32eb35d9a50cf0a0bd937eb6275c7cc3015fe", "eee7b6a5f5b5af050cb7d66ab28179287b416f06d15a8974ac831437fec51336", "f41ac1c858687e53242828c9f59c2e7b0b95dbcd5bdd09c7e5d3c48b0f89a25a", "f8deaefefc3a589058df1b177275f79233e8b0eeee6734cf4336d80164ecd022", "fa78e919f3bd7d6d075db262aa41079b4c02da315c6043c6f43881e2ebcdd623", "fadb97d2e02dabdc15a0091591a972a938850d79ddde23d385d813c1731983f0"]
pycparser = ["a988718abfad80b6b157acce7bf130a30876d27603738ac39f140993246b25b3"]
