[[package]]
name = "aiodns"
version = "2.0.0"
description = "Simple DNS resolver for asyncio"
category = "main"
optional = false
python-versions = "*"

[package.dependencies]
pycares = ">=3.0.0"

[[package]]
name = "cffi"
version = "1.13.2"
description = "Foreign Function Interface for Python calling C code."
category = "main"
optional = false
python-versions = "*"

[package.dependencies]
pycparser = "*"

[[package]]
name = "pycares"
version = "4.2.0"
description = "Python interface for c-ares"
category = "main"
optional = false
python-versions = "*"

[package.dependencies]
cffi = ">=1.5.0"

[package.extras]
idna = ["idna (>=2.1)"]

[[package]]
name = "pycparser"
version = "2.19"
description = "C parser in Python"
category = "main"
optional = false
python-versions = ">=2.7, !=3.0.*, !=3.1.*, !=3.2.*, !=3.3.*"

[metadata]
lock-version = "1.1"
python-versions = "^3.8"
content-hash = "0e17c82d4a7e609e4e14ae8fcee1a469011615a3e33c62136b451df9d3ffe637"

[metadata.files]
aiodns = [
    {file = "aiodns-2.0.0-py2.py3-none-any.whl", hash = "sha256:aaa5ac584f40fe778013df0aa6544bf157799bd3f608364b451840ed2c8688de"},
    {file = "aiodns-2.0.0.tar.gz", hash = "sha256:815fdef4607474295d68da46978a54481dd1e7be153c7d60f9e72773cd38d77d"},
]
cffi = [
    {file = "cffi-1.13.2-cp27-cp27m-macosx_10_6_intel.whl", hash = "sha256:3c9fff570f13480b201e9ab69453108f6d98244a7f495e91b6c654a47486ba43"},
    {file = "cffi-1.13.2-cp27-cp27m-manylinux1_i686.whl", hash = "sha256:2c5e309ec482556397cb21ede0350c5e82f0eb2621de04b2633588d118da4396"},
    {file = "cffi-1.13.2-cp27-cp27m-manylinux1_x86_64.whl", hash = "sha256:19db0cdd6e516f13329cba4903368bff9bb5a9331d3410b1b448daaadc495e54"},
    {file = "cffi-1.13.2-cp27-cp27m-win32.whl", hash = "sha256:5c4fae4e9cdd18c82ba3a134be256e98dc0596af1e7285a3d2602c97dcfa5159"},
    {file = "cffi-1.13.2-cp27-cp27m-win_amd64.whl", hash = "sha256:32a262e2b90ffcfdd97c7a5e24a6012a43c61f1f5a57789ad80af1d26c6acd97"},
    {file = "cffi-1.13.2-cp27-cp27mu-manylinux1_i686.whl", hash = "sha256:4a43c91840bda5f55249413037b7a9b79c90b1184ed504883b72c4df70778579"},
    {file = "cffi-1.13.2-cp27-cp27mu-manylinux1_x86_64.whl", hash = "sha256:8169cf44dd8f9071b2b9248c35fc35e8677451c52f795daa2bb4643f32a540bc"},
    {file = "cffi-1.13.2-cp34-cp34m-macosx_10_6_intel.whl", hash = "sha256:71a608532ab3bd26223c8d841dde43f3516aa5d2bf37b50ac410bb5e99053e8f"},
    {file = "cffi-1.13.2-cp34-cp34m-manylinux1_i686.whl", hash = "sha256:7f627141a26b551bdebbc4855c1157feeef18241b4b8366ed22a5c7d672ef858"},
    {file = "cffi-1.13.2-cp34-cp34m-manylinux1_x86_64.whl", hash = "sha256:0b49274afc941c626b605fb59b59c3485c17dc776dc3cc7cc14aca74cc19cc42"},
    {file = "cffi-1.13.2-cp34-cp34m-win32.whl", hash = "sha256:4424e42199e86b21fc4db83bd76909a6fc2a2aefb352cb5414833c030f6ed71b"},
    {file = "cffi-1.13.2-cp34-cp34m-win_amd64.whl", hash = "sha256:7d4751da932caaec419d514eaa4215eaf14b612cff66398dd51129ac22680b20"},
    {file = "cffi-1.13.2-cp35-cp35m-macosx_10_6_intel.whl", hash = "sha256:ccb032fda0873254380aa2bfad2582aedc2959186cce61e3a17abc1a55ff89c3"},
    {file = "cffi-1.13.2-cp35-cp35m-manylinux1_i686.whl", hash = "sha256:dcd65317dd15bc0451f3e01c80da2216a31916bdcffd6221ca1202d96584aa25"},
    {file = "cffi-1.13.2-cp35-cp35m-manylinux1_x86_64.whl", hash = "sha256:135f69aecbf4517d5b3d6429207b2dff49c876be724ac0c8bf8e1ea99df3d7e5"},
    {file = "cffi-1.13.2-cp35-cp35m-win32.whl", hash = "sha256:7b93a885bb13073afb0aa73ad82059a4c41f4b7d8eb8368980448b52d4c7dc2c"},
    {file = "cffi-1.13.2-cp35-cp35m-win_amd64.whl", hash = "sha256:e570d3ab32e2c2861c4ebe6ffcad6a8abf9347432a37608fe1fbd157b3f0036b"},
    {file = "cffi-1.13.2-cp36-cp36m-macosx_10_6_intel.whl", hash = "sha256:0e3ea92942cb1168e38c05c1d56b0527ce31f1a370f6117f1d490b8dcd6b3a04"},
    {file = "cffi-1.13.2-cp36-cp36m-manylinux1_i686.whl", hash = "sha256:5ecfa867dea6fabe2a58f03ac9186ea64da1386af2159196da51c4904e11d652"},
    {file = "cffi-1.13.2-cp36-cp36m-manylinux1_x86_64.whl", hash = "sha256:291f7c42e21d72144bb1c1b2e825ec60f46d0a7468f5346841860454c7aa8f57"},
    {file = "cffi-1.13.2-cp36-cp36m-win32.whl", hash = "sha256:62f2578358d3a92e4ab2d830cd1c2049c9c0d0e6d3c58322993cc341bdeac22e"},
    {file = "cffi-1.13.2-cp36-cp36m-win_amd64.whl", hash = "sha256:fd43a88e045cf992ed09fa724b5315b790525f2676883a6ea64e3263bae6549d"},
    {file = "cffi-1.13.2-cp37-cp37m-macosx_10_6_intel.whl", hash = "sha256:d75c461e20e29afc0aee7172a0950157c704ff0dd51613506bd7d82b718e7410"},
    {file = "cffi-1.13.2-cp37-cp37m-manylinux1_i686.whl", hash = "sha256:aa00d66c0fab27373ae44ae26a66a9e43ff2a678bf63a9c7c1a9a4d61172827a"},
    {file = "cffi-1.13.2-cp37-cp37m-manylinux1_x86_64.whl", hash = "sha256:2e9c80a8c3344a92cb04661115898a9129c074f7ab82011ef4b612f645939f12"},
    {file = "cffi-1.13.2-cp37-cp37m-win32.whl", hash = "sha256:d754f39e0d1603b5b24a7f8484b22d2904fa551fe865fd0d4c3332f078d20d4e"},
    {file = "cffi-1.13.2-cp37-cp37m-win_amd64.whl", hash = "sha256:6471a82d5abea994e38d2c2abc77164b4f7fbaaf80261cb98394d5793f11b12a"},
    {file = "cffi-1.13.2-cp38-cp38-macosx_10_9_x86_64.whl", hash = "sha256:74a1d8c85fb6ff0b30fbfa8ad0ac23cd601a138f7509dc617ebc65ef305bb98d"},
    {file = "cffi-1.13.2-cp38-cp38-manylinux1_i686.whl", hash = "sha256:42194f54c11abc8583417a7cf4eaff544ce0de8187abaf5d29029c91b1725ad3"},
    {file = "cffi-1.13.2-cp38-cp38-manylinux1_x86_64.whl", hash = "sha256:415bdc7ca8c1c634a6d7163d43fb0ea885a07e9618a64bda407e04b04333b7db"},
    {file = "cffi-1.13.2-cp38-cp38-win32.whl", hash = "sha256:6d4f18483d040e18546108eb13b1dfa1000a089bcf8529e30346116ea6240506"},
    {file = "cffi-1.13.2-cp38-cp38-win_amd64.whl", hash = "sha256:2781e9ad0e9d47173c0093321bb5435a9dfae0ed6a762aabafa13108f5f7b2ba"},
    {file = "cffi-1.13.2.tar.gz", hash = "sha256:599a1e8ff057ac530c9ad1778293c665cb81a791421f46922d80a86473c13346"},
]
pycares = [
    {file = "pycares-4.2.0-cp310-cp310-macosx_10_9_x86_64.whl", hash = "sha256:48c733b8087f618d64b05c5807264ea94987b599cf37688ba59d23c57e197ff1"},
    {file = "pycares-4.2.0-cp310-cp310-manylinux_2_17_aarch64.manylinux2014_aarch64.whl", hash = "sha256:4a491bb6c9c6420f3547e89898902e6f67a11ba42ff39026cc94aa238bcc2e67"},
    {file = "pycares-4.2.0-cp310-cp310-manylinux_2_5_i686.manylinux1_i686.manylinux_2_12_i686.manylinux2010_i686.whl", hash = "sha256:e6bbf663d89a93df0386050db430a26d98155d1c6d9f1e522ac8b01d38016c10"},
    {file = "pycares-4.2.0-cp310-cp310-manylinux_2_5_x86_64.manylinux1_x86_64.manylinux_2_12_x86_64.manylinux2010_x86_64.whl", hash = "sha256:1857631b448925aabc2b306baa27fbedb27ca49036ce5c083ae21eef7850adfa"},
    {file = "pycares-4.2.0-cp310-cp310-win32.whl", hash = "sha256:b076d5d8a3f94bc38efeb7a5ac9772190e13515a510f96d600d58b12d25b2ae7"},
    {file = "pycares-4.2.0-cp310-cp310-win_amd64.whl", hash = "sha256:496cc499980d9be6b151f5028aef9e735a4881d8c2eaa32b2562678dce463787"},
    {file = "pycares-4.2.0-cp36-cp36m-macosx_10_9_x86_64.whl", hash = "sha256:f9d057445ebc381398fb26fb87e6b9d2ed416e58074710a3e7feb6115b8a28ac"},
    {file = "pycares-4.2.0-cp36-cp36m-manylinux_2_17_aarch64.manylinux2014_aarch64.whl", hash = "sha256:ae732c15c5bb5a381c521e3eb4daf56175e890f4fa1fddf2fc2349a778a94ed0"},
    {file = "pycares-4.2.0-cp36-cp36m-manylinux_2_5_i686.manylinux1_i686.manylinux_2_12_i686.manylinux2010_i686.whl", hash = "sha256:67b9495aebd575c18cf0371636057fdaf198f8b60e7bf1ec7fdd511154094f94"},
    {file = "pycares-4.2.0-cp36-cp36m-manylinux_2_5_x86_64.manylinux1_x86_64.manylinux_2_12_x86_64.manylinux2010_x86_64.whl", hash = "sha256:a3cf407fba0ab0f21417676d480926dd438e12a0134d2e50e6164b0b4822ff63"},
    {file = "pycares-4.2.0-cp36-cp36m-win32.whl", hash = "sha256:a56eea0cf117edffb51479e2acda15b1b02a33a225838708828a5c1010333ba1"},
    {file = "pycares-4.2.0-cp36-cp36m-win_amd64.whl", hash = "sha256:9070d507349d8b75c3f3e81b7d519555cd009391ae2b8fce7505753058e6cd08"},
    {file = "pycares-4.2.0-cp37-cp37m-macosx_10_9_x86_64.whl", hash = "sha256:f1aadb7ebaa6da649ba3e665898aebd9f1ab57ece9af6c0d1c089074bf9a822a"},
    {file = "pycares-4.2.0-cp37-cp37m-manylinux_2_17_aarch64.manylinux2014_aarch64.whl", hash = "sha256:2c4a6410e01f401982b7bc9d20756a9e1549bab1cc431eb9a7a26193168895b0"},
    {file = "pycares-4.2.0-cp37-cp37m-manylinux_2_5_i686.manylinux1_i686.manylinux_2_12_i686.manylinux2010_i686.whl", hash = "sha256:a1c0cc79c442eecd0beeaf2bcd91541a0ff366b43df5bb061d57dbe8b5d04c38"},
    {file = "pycares-4.2.0-cp37-cp37m-manylinux_2_5_x86_64.manylinux1_x86_64.manylinux_2_12_x86_64.manylinux2010_x86_64.whl", hash = "sha256:bc24ee402697d4babe3a3652af6ede7fdd18f8d33a691d62c1e33131435f66e2"},
    {file = "pycares-4.2.0-cp37-cp37m-win32.whl", hash = "sha256:e7b396e074efca974b211378f2bfb864f9be0465ba75f6a8851d8b115d928d79"},
    {file = "pycares-4.2.0-cp37-cp37m-win_amd64.whl", hash = "sha256:84d6572dff420631758ebdffc13283895e7fb04a54823641fa3830cdcb6f4743"},
    {file = "pycares-4.2.0-cp38-cp38-macosx_10_9_x86_64.whl", hash = "sha256:23d3f272b9f6ea80e488de76ea93e0edde418d545e86562b9e9094952a6ce658"},
    {file = "pycares-4.2.0-cp38-cp38-manylinux_2_17_aarch64.manylinux2014_aarch64.whl", hash = "sha256:88709762179daa858b494f66f5ad35cf9e4be39893a565aa24148a237d05f3cd"},
    {file = "pycares-4.2.0-cp38-cp38-manylinux_2_5_i686.manylinux1_i686.manylinux_2_12_i686.manylinux2010_i686.whl", hash = "sha256:ad97e6db69a8b825fa4590cddbd00b00441fc16bfbebf3a37f6f9b6f72d9380d"},
    {file = "pycares-4.2.0-cp38-cp38-manylinux_2_5_x86_64.manylinux1_x86_64.manylinux_2_12_x86_64.manylinux2010_x86_64.whl", hash = "sha256:e0cffbf241c0384a6b56e2cddfb7bbd7b9830954edd756f685ad2b36e54ee107"},
    {file = "pycares-4.2.0-cp38-cp38-win32.whl", hash = "sha256:bce6e64b85aad08dbeb6f92aecd53d856ac534fb70e6d3a5baa7cda8d2301c16"},
    {file = "pycares-4.2.0-cp38-cp38-win_amd64.whl", hash = "sha256:2539b9e20c52d9daedfa5f52f84ba6ea8cb351236fcda6034ab5422f0be1d171"},
    {file = "pycares-4.2.0-cp39-cp39-macosx_10_9_x86_64.whl", hash = "sha256:2707044e62ae32d816141e99bb2cfbba02700f4b5ffebbd7ba3fb2070af9a5ff"},
    {file = "pycares-4.2.0-cp39-cp39-manylinux_2_17_aarch64.manylinux2014_aarch64.whl", hash = "sha256:3178be9e269795216376220d8a847bf30497fcf415821d58659b07dc2873e9b2"},
    {file = "pycares-4.2.0-cp39-cp39-manylinux_2_5_i686.manylinux1_i686.manylinux_2_12_i686.manylinux2010_i686.whl", hash = "sha256:de97ae19883b3f49f7c75d60292d49a21d06e64113ed69b5c6d5eba8ae4ef60a"},
    {file = "pycares-4.2.0-cp39-cp39-manylinux_2_5_x86_64.manylinux1_x86_64.manylinux_2_12_x86_64.manylinux2010_x86_64.whl", hash = "sha256:45cc3feae3335b70cd4ec7447cd6ef9c11c7d9aa6731153cb87bae4db69fed8d"},
    {file = "pycares-4.2.0-cp39-cp39-win32.whl", hash = "sha256:8401526f945c96210f81887ad38d5415113f149719893006fc148862fbf4c128"},
    {file = "pycares-4.2.0-cp39-cp39-win_amd64.whl", hash = "sha256:50a50b6c55919563745b0b242aa54eeb727696351ac187156d2d0ab9614fd726"},
    {file = "pycares-4.2.0.tar.gz", hash = "sha256:b286649597791cd53072b2f3383cc38fc14a8ab016b78cb04bdcaa6ecce3b8ce"},
]
pycparser = [
    {file = "pycparser-2.19.tar.gz", hash = "sha256:a988718abfad80b6b157acce7bf130a30876d27603738ac39f140993246b25b3"},
]

